
Microsoft Visual Studio Solution File, Format Version 12.00
# Visual Studio Version 16
VisualStudioVersion = 16.0.30114.105
MinimumVisualStudioVersion = 10.0.40219.1
Project("{2150E333-8FDC-42A3-9474-1A3956D46DE8}") = "src", "src", "{49B5E132-142A-4FD1-955C-1FF49A54A4AD}"
EndProject
Project("{FAE04EC0-301F-11D3-BF4B-00C04F79EFBC}") = "SimpleAPI", "src\SimpleAPI\SimpleAPI.csproj", "{980CD752-9B8E-40EA-BE3A-5BD2F246DBC3}"
EndProject
Project("{2150E333-8FDC-42A3-9474-1A3956D46DE8}") = "test", "test", "{E3CFFCA2-FE74-49D8-A9F5-59AE5C4CEC58}"
EndProject
Project("{FAE04EC0-301F-11D3-BF4B-00C04F79EFBC}") = "SimpleAPI.Test", "test\SimpleAPI.Test\SimpleAPI.Test.csproj", "{801DBA1A-311E-4449-867C-1A6D4E78749A}"
EndProject
Global
	GlobalSection(SolutionConfigurationPlatforms) = preSolution
		Debug|Any CPU = Debug|Any CPU
		Debug|x64 = Debug|x64
		Debug|x86 = Debug|x86
		Release|Any CPU = Release|Any CPU
		Release|x64 = Release|x64
		Release|x86 = Release|x86
	EndGlobalSection
	GlobalSection(SolutionProperties) = preSolution
		HideSolutionNode = FALSE
	EndGlobalSection
	GlobalSection(ProjectConfigurationPlatforms) = postSolution
		{980CD752-9B8E-40EA-BE3A-5BD2F246DBC3}.Debug|Any CPU.ActiveCfg = Debug|Any CPU
		{980CD752-9B8E-40EA-BE3A-5BD2F246DBC3}.Debug|Any CPU.Build.0 = Debug|Any CPU
		{980CD752-9B8E-40EA-BE3A-5BD2F246DBC3}.Debug|x64.ActiveCfg = Debug|Any CPU
		{980CD752-9B8E-40EA-BE3A-5BD2F246DBC3}.Debug|x64.Build.0 = Debug|Any CPU
		{980CD752-9B8E-40EA-BE3A-5BD2F246DBC3}.Debug|x86.ActiveCfg = Debug|Any CPU
		{980CD752-9B8E-40EA-BE3A-5BD2F246DBC3}.Debug|x86.Build.0 = Debug|Any CPU
		{980CD752-9B8E-40EA-BE3A-5BD2F246DBC3}.Release|Any CPU.ActiveCfg = Release|Any CPU
		{980CD752-9B8E-40EA-BE3A-5BD2F246DBC3}.Release|Any CPU.Build.0 = Release|Any CPU
		{980CD752-9B8E-40EA-BE3A-5BD2F246DBC3}.Release|x64.ActiveCfg = Release|Any CPU
		{980CD752-9B8E-40EA-BE3A-5BD2F246DBC3}.Release|x64.Build.0 = Release|Any CPU
		{980CD752-9B8E-40EA-BE3A-5BD2F246DBC3}.Release|x86.ActiveCfg = Release|Any CPU
		{980CD752-9B8E-40EA-BE3A-5BD2F246DBC3}.Release|x86.Build.0 = Release|Any CPU
		{801DBA1A-311E-4449-867C-1A6D4E78749A}.Debug|Any CPU.ActiveCfg = Debug|Any CPU
		{801DBA1A-311E-4449-867C-1A6D4E78749A}.Debug|Any CPU.Build.0 = Debug|Any CPU
		{801DBA1A-311E-4449-867C-1A6D4E78749A}.Debug|x64.ActiveCfg = Debug|Any CPU
		{801DBA1A-311E-4449-867C-1A6D4E78749A}.Debug|x64.Build.0 = Debug|Any CPU
		{801DBA1A-311E-4449-867C-1A6D4E78749A}.Debug|x86.ActiveCfg = Debug|Any CPU
		{801DBA1A-311E-4449-867C-1A6D4E78749A}.Debug|x86.Build.0 = Debug|Any CPU
		{801DBA1A-311E-4449-867C-1A6D4E78749A}.Release|Any CPU.ActiveCfg = Release|Any CPU
		{801DBA1A-311E-4449-867C-1A6D4E78749A}.Release|Any CPU.Build.0 = Release|Any CPU
		{801DBA1A-311E-4449-867C-1A6D4E78749A}.Release|x64.ActiveCfg = Release|Any CPU
		{801DBA1A-311E-4449-867C-1A6D4E78749A}.Release|x64.Build.0 = Release|Any CPU
		{801DBA1A-311E-4449-867C-1A6D4E78749A}.Release|x86.ActiveCfg = Release|Any CPU
		{801DBA1A-311E-4449-867C-1A6D4E78749A}.Release|x86.Build.0 = Release|Any CPU
	EndGlobalSection
	GlobalSection(NestedProjects) = preSolution
		{980CD752-9B8E-40EA-BE3A-5BD2F246DBC3} = {49B5E132-142A-4FD1-955C-1FF49A54A4AD}
		{801DBA1A-311E-4449-867C-1A6D4E78749A} = {E3CFFCA2-FE74-49D8-A9F5-59AE5C4CEC58}
	EndGlobalSection
EndGlobal
